<?xml version="1.0" encoding="UTF-8"?>
<CodeBlocks_project_file>
	<FileVersion major="1" minor="6"/>
	<Project>
		<Option title="7Wonders"/>
		<Option makefile_is_custom="1"/>
		<Option compiler="gcc"/>
		<Option virtualFolders="CMake Files\;"/>
		<Build>
			<Target title="all">
				<Option working_dir="/home/jio/workspace/dmag/7Wonders"/>
				<Option type="4"/>
				<MakeCommands>
					<Build command="/usr/bin/make -f &quot;/home/jio/workspace/dmag/7Wonders/Makefile&quot;  VERBOSE=1 all"/>
					<CompileFile command="/usr/bin/make -f &quot;/home/jio/workspace/dmag/7Wonders/Makefile&quot;  VERBOSE=1 &quot;$file&quot;"/>
					<Clean command="/usr/bin/make -f &quot;/home/jio/workspace/dmag/7Wonders/Makefile&quot;  VERBOSE=1 clean"/>
					<DistClean command="/usr/bin/make -f &quot;/home/jio/workspace/dmag/7Wonders/Makefile&quot;  VERBOSE=1 clean"/>
				</MakeCommands>
			</Target>
			<Target title="rebuild_cache">
				<Option working_dir="/home/jio/workspace/dmag/7Wonders"/>
				<Option type="4"/>
				<MakeCommands>
					<Build command="/usr/bin/make -f &quot;/home/jio/workspace/dmag/7Wonders/Makefile&quot;  VERBOSE=1 rebuild_cache"/>
					<CompileFile command="/usr/bin/make -f &quot;/home/jio/workspace/dmag/7Wonders/Makefile&quot;  VERBOSE=1 &quot;$file&quot;"/>
					<Clean command="/usr/bin/make -f &quot;/home/jio/workspace/dmag/7Wonders/Makefile&quot;  VERBOSE=1 clean"/>
					<DistClean command="/usr/bin/make -f &quot;/home/jio/workspace/dmag/7Wonders/Makefile&quot;  VERBOSE=1 clean"/>
				</MakeCommands>
			</Target>
			<Target title="7Wonders">
				<Option output="/home/jio/workspace/dmag/7Wonders/7Wonders" prefix_auto="0" extension_auto="0"/>
				<Option working_dir="/home/jio/workspace/dmag/7Wonders"/>
				<Option object_output="./"/>
				<Option type="1"/>
				<Option compiler="gcc"/>
				<Compiler>
					<Add directory="/home/jio/workspace/dmag/7Wonders/include"/>
				</Compiler>
				<MakeCommands>
					<Build command="/usr/bin/make -f &quot;/home/jio/workspace/dmag/7Wonders/Makefile&quot;  VERBOSE=1 7Wonders"/>
					<CompileFile command="/usr/bin/make -f &quot;/home/jio/workspace/dmag/7Wonders/Makefile&quot;  VERBOSE=1 &quot;$file&quot;"/>
					<Clean command="/usr/bin/make -f &quot;/home/jio/workspace/dmag/7Wonders/Makefile&quot;  VERBOSE=1 clean"/>
					<DistClean command="/usr/bin/make -f &quot;/home/jio/workspace/dmag/7Wonders/Makefile&quot;  VERBOSE=1 clean"/>
				</MakeCommands>
			</Target>
			<Target title="7Wonders/fast">
				<Option output="/home/jio/workspace/dmag/7Wonders/7Wonders" prefix_auto="0" extension_auto="0"/>
				<Option working_dir="/home/jio/workspace/dmag/7Wonders"/>
				<Option object_output="./"/>
				<Option type="1"/>
				<Option compiler="gcc"/>
				<Compiler>
					<Add directory="/home/jio/workspace/dmag/7Wonders/include"/>
				</Compiler>
				<MakeCommands>
					<Build command="/usr/bin/make -f &quot;/home/jio/workspace/dmag/7Wonders/Makefile&quot;  VERBOSE=1 7Wonders/fast"/>
					<CompileFile command="/usr/bin/make -f &quot;/home/jio/workspace/dmag/7Wonders/Makefile&quot;  VERBOSE=1 &quot;$file&quot;"/>
					<Clean command="/usr/bin/make -f &quot;/home/jio/workspace/dmag/7Wonders/Makefile&quot;  VERBOSE=1 clean"/>
					<DistClean command="/usr/bin/make -f &quot;/home/jio/workspace/dmag/7Wonders/Makefile&quot;  VERBOSE=1 clean"/>
				</MakeCommands>
			</Target>
			<Target title="edit_cache">
				<Option working_dir="/home/jio/workspace/dmag/7Wonders"/>
				<Option type="4"/>
				<MakeCommands>
					<Build command="/usr/bin/make -f &quot;/home/jio/workspace/dmag/7Wonders/Makefile&quot;  VERBOSE=1 edit_cache"/>
					<CompileFile command="/usr/bin/make -f &quot;/home/jio/workspace/dmag/7Wonders/Makefile&quot;  VERBOSE=1 &quot;$file&quot;"/>
					<Clean command="/usr/bin/make -f &quot;/home/jio/workspace/dmag/7Wonders/Makefile&quot;  VERBOSE=1 clean"/>
					<DistClean command="/usr/bin/make -f &quot;/home/jio/workspace/dmag/7Wonders/Makefile&quot;  VERBOSE=1 clean"/>
				</MakeCommands>
			</Target>
		</Build>
		<Unit filename="/home/jio/workspace/dmag/7Wonders/include/card.h">
			<Option target="7Wonders"/>
		</Unit>
		<Unit filename="/home/jio/workspace/dmag/7Wonders/include/deck.h">
			<Option target="7Wonders"/>
		</Unit>
		<Unit filename="/home/jio/workspace/dmag/7Wonders/include/messager.h">
			<Option target="7Wonders"/>
		</Unit>
		<Unit filename="/home/jio/workspace/dmag/7Wonders/include/player.h">
			<Option target="7Wonders"/>
		</Unit>
		<Unit filename="/home/jio/workspace/dmag/7Wonders/main.cpp">
			<Option target="7Wonders"/>
		</Unit>
		<Unit filename="/home/jio/workspace/dmag/7Wonders/src/card.cpp">
			<Option target="7Wonders"/>
		</Unit>
		<Unit filename="/home/jio/workspace/dmag/7Wonders/src/deck.cpp">
			<Option target="7Wonders"/>
		</Unit>
		<Unit filename="/home/jio/workspace/dmag/7Wonders/src/messager.cpp">
			<Option target="7Wonders"/>
		</Unit>
		<Unit filename="/home/jio/workspace/dmag/7Wonders/src/player.cpp">
			<Option target="7Wonders"/>
		</Unit>
		<Unit filename="/home/jio/workspace/dmag/7Wonders/CMakeLists.txt">
			<Option virtualFolder="CMake Files\"/>
		</Unit>
	</Project>
</CodeBlocks_project_file>
